{
    "version": 3,
    "terraform_version": "0.11.11",
    "serial": 7,
    "lineage": "24114869-75b1-58a8-8e83-bda1271a0eaf",
    "modules": [
        {
            "path": [
                "root"
            ],
            "outputs": {},
            "resources": {
                "azurerm_network_interface.myFirstNIC1": {
                    "type": "azurerm_network_interface",
                    "depends_on": [
                        "azurerm_network_security_group.myFirstNSG1",
                        "azurerm_public_ip.myFirstIP1",
                        "azurerm_resource_group.my_resource_group",
                        "azurerm_subnet.subnet1"
                    ],
                    "primary": {
                        "id": "/subscriptions/d16b14ba-bce2-4160-a0e4-9fb07dc070f6/resourceGroups/myRG/providers/Microsoft.Network/networkInterfaces/testNIC1",
                        "attributes": {
                            "applied_dns_servers.#": "0",
                            "dns_servers.#": "0",
                            "enable_accelerated_networking": "false",
                            "enable_ip_forwarding": "false",
                            "id": "/subscriptions/d16b14ba-bce2-4160-a0e4-9fb07dc070f6/resourceGroups/myRG/providers/Microsoft.Network/networkInterfaces/testNIC1",
                            "internal_dns_name_label": "",
                            "internal_fqdn": "",
                            "ip_configuration.#": "1",
                            "ip_configuration.0.application_gateway_backend_address_pools_ids.#": "0",
                            "ip_configuration.0.application_security_group_ids.#": "0",
                            "ip_configuration.0.load_balancer_backend_address_pools_ids.#": "0",
                            "ip_configuration.0.load_balancer_inbound_nat_rules_ids.#": "0",
                            "ip_configuration.0.name": "testNICConfig",
                            "ip_configuration.0.primary": "true",
                            "ip_configuration.0.private_ip_address": "10.0.1.4",
                            "ip_configuration.0.private_ip_address_allocation": "dynamic",
                            "ip_configuration.0.private_ip_address_version": "IPv4",
                            "ip_configuration.0.public_ip_address_id": "/subscriptions/d16b14ba-bce2-4160-a0e4-9fb07dc070f6/resourceGroups/myRG/providers/Microsoft.Network/publicIPAddresses/testPublicIP1",
                            "ip_configuration.0.subnet_id": "/subscriptions/d16b14ba-bce2-4160-a0e4-9fb07dc070f6/resourceGroups/myRG/providers/Microsoft.Network/virtualNetworks/myVnet/subnets/subnet1",
                            "location": "francecentral",
                            "mac_address": "",
                            "name": "testNIC1",
                            "network_security_group_id": "/subscriptions/d16b14ba-bce2-4160-a0e4-9fb07dc070f6/resourceGroups/myRG/providers/Microsoft.Network/networkSecurityGroups/myNG1",
                            "private_ip_address": "10.0.1.4",
                            "private_ip_addresses.#": "1",
                            "private_ip_addresses.0": "10.0.1.4",
                            "resource_group_name": "myRG",
                            "tags.%": "0"
                        },
                        "meta": {},
                        "tainted": false
                    },
                    "deposed": [],
                    "provider": "provider.azurerm"
                },
                "azurerm_network_interface.myFirstNIC2": {
                    "type": "azurerm_network_interface",
                    "depends_on": [
                        "azurerm_network_security_group.myFirstNSG2",
                        "azurerm_public_ip.myFirstIP2",
                        "azurerm_resource_group.my_resource_group",
                        "azurerm_subnet.subnet2"
                    ],
                    "primary": {
                        "id": "/subscriptions/d16b14ba-bce2-4160-a0e4-9fb07dc070f6/resourceGroups/myRG/providers/Microsoft.Network/networkInterfaces/testNIC2",
                        "attributes": {
                            "applied_dns_servers.#": "0",
                            "dns_servers.#": "0",
                            "enable_accelerated_networking": "false",
                            "enable_ip_forwarding": "false",
                            "id": "/subscriptions/d16b14ba-bce2-4160-a0e4-9fb07dc070f6/resourceGroups/myRG/providers/Microsoft.Network/networkInterfaces/testNIC2",
                            "internal_dns_name_label": "",
                            "internal_fqdn": "",
                            "ip_configuration.#": "1",
                            "ip_configuration.0.application_gateway_backend_address_pools_ids.#": "0",
                            "ip_configuration.0.application_security_group_ids.#": "0",
                            "ip_configuration.0.load_balancer_backend_address_pools_ids.#": "0",
                            "ip_configuration.0.load_balancer_inbound_nat_rules_ids.#": "0",
                            "ip_configuration.0.name": "testNICConfig",
                            "ip_configuration.0.primary": "true",
                            "ip_configuration.0.private_ip_address": "10.0.2.4",
                            "ip_configuration.0.private_ip_address_allocation": "dynamic",
                            "ip_configuration.0.private_ip_address_version": "IPv4",
                            "ip_configuration.0.public_ip_address_id": "/subscriptions/d16b14ba-bce2-4160-a0e4-9fb07dc070f6/resourceGroups/myRG/providers/Microsoft.Network/publicIPAddresses/testPublicIP2",
                            "ip_configuration.0.subnet_id": "/subscriptions/d16b14ba-bce2-4160-a0e4-9fb07dc070f6/resourceGroups/myRG/providers/Microsoft.Network/virtualNetworks/myVnet/subnets/subnet2",
                            "location": "francecentral",
                            "mac_address": "",
                            "name": "testNIC2",
                            "network_security_group_id": "/subscriptions/d16b14ba-bce2-4160-a0e4-9fb07dc070f6/resourceGroups/myRG/providers/Microsoft.Network/networkSecurityGroups/myNG2",
                            "private_ip_address": "10.0.2.4",
                            "private_ip_addresses.#": "1",
                            "private_ip_addresses.0": "10.0.2.4",
                            "resource_group_name": "myRG",
                            "tags.%": "0"
                        },
                        "meta": {},
                        "tainted": false
                    },
                    "deposed": [],
                    "provider": "provider.azurerm"
                },
                "azurerm_network_security_group.myFirstNSG1": {
                    "type": "azurerm_network_security_group",
                    "depends_on": [
                        "azurerm_resource_group.my_resource_group"
                    ],
                    "primary": {
                        "id": "/subscriptions/d16b14ba-bce2-4160-a0e4-9fb07dc070f6/resourceGroups/myRG/providers/Microsoft.Network/networkSecurityGroups/myNG1",
                        "attributes": {
                            "id": "/subscriptions/d16b14ba-bce2-4160-a0e4-9fb07dc070f6/resourceGroups/myRG/providers/Microsoft.Network/networkSecurityGroups/myNG1",
                            "location": "francecentral",
                            "name": "myNG1",
                            "resource_group_name": "myRG",
                            "security_rule.#": "3",
                            "security_rule.2090309246.access": "Allow",
                            "security_rule.2090309246.description": "",
                            "security_rule.2090309246.destination_address_prefix": "*",
                            "security_rule.2090309246.destination_address_prefixes.#": "0",
                            "security_rule.2090309246.destination_application_security_group_ids.#": "0",
                            "security_rule.2090309246.destination_port_range": "22",
                            "security_rule.2090309246.destination_port_ranges.#": "0",
                            "security_rule.2090309246.direction": "Inbound",
                            "security_rule.2090309246.name": "SSH",
                            "security_rule.2090309246.priority": "1001",
                            "security_rule.2090309246.protocol": "Tcp",
                            "security_rule.2090309246.source_address_prefix": "*",
                            "security_rule.2090309246.source_address_prefixes.#": "0",
                            "security_rule.2090309246.source_application_security_group_ids.#": "0",
                            "security_rule.2090309246.source_port_range": "*",
                            "security_rule.2090309246.source_port_ranges.#": "0",
                            "security_rule.2455716876.access": "Allow",
                            "security_rule.2455716876.description": "",
                            "security_rule.2455716876.destination_address_prefix": "*",
                            "security_rule.2455716876.destination_address_prefixes.#": "0",
                            "security_rule.2455716876.destination_application_security_group_ids.#": "0",
                            "security_rule.2455716876.destination_port_range": "80",
                            "security_rule.2455716876.destination_port_ranges.#": "0",
                            "security_rule.2455716876.direction": "Inbound",
                            "security_rule.2455716876.name": "HTTP",
                            "security_rule.2455716876.priority": "1002",
                            "security_rule.2455716876.protocol": "Tcp",
                            "security_rule.2455716876.source_address_prefix": "*",
                            "security_rule.2455716876.source_address_prefixes.#": "0",
                            "security_rule.2455716876.source_application_security_group_ids.#": "0",
                            "security_rule.2455716876.source_port_range": "*",
                            "security_rule.2455716876.source_port_ranges.#": "0",
                            "security_rule.438019468.access": "Allow",
                            "security_rule.438019468.description": "",
                            "security_rule.438019468.destination_address_prefix": "*",
                            "security_rule.438019468.destination_address_prefixes.#": "0",
                            "security_rule.438019468.destination_application_security_group_ids.#": "0",
                            "security_rule.438019468.destination_port_range": "443",
                            "security_rule.438019468.destination_port_ranges.#": "0",
                            "security_rule.438019468.direction": "Inbound",
                            "security_rule.438019468.name": "HTTPS",
                            "security_rule.438019468.priority": "1003",
                            "security_rule.438019468.protocol": "Tcp",
                            "security_rule.438019468.source_address_prefix": "*",
                            "security_rule.438019468.source_address_prefixes.#": "0",
                            "security_rule.438019468.source_application_security_group_ids.#": "0",
                            "security_rule.438019468.source_port_range": "*",
                            "security_rule.438019468.source_port_ranges.#": "0",
                            "tags.%": "0"
                        },
                        "meta": {},
                        "tainted": false
                    },
                    "deposed": [],
                    "provider": "provider.azurerm"
                },
                "azurerm_network_security_group.myFirstNSG2": {
                    "type": "azurerm_network_security_group",
                    "depends_on": [
                        "azurerm_resource_group.my_resource_group"
                    ],
                    "primary": {
                        "id": "/subscriptions/d16b14ba-bce2-4160-a0e4-9fb07dc070f6/resourceGroups/myRG/providers/Microsoft.Network/networkSecurityGroups/myNG2",
                        "attributes": {
                            "id": "/subscriptions/d16b14ba-bce2-4160-a0e4-9fb07dc070f6/resourceGroups/myRG/providers/Microsoft.Network/networkSecurityGroups/myNG2",
                            "location": "francecentral",
                            "name": "myNG2",
                            "resource_group_name": "myRG",
                            "security_rule.#": "3",
                            "security_rule.2090309246.access": "Allow",
                            "security_rule.2090309246.description": "",
                            "security_rule.2090309246.destination_address_prefix": "*",
                            "security_rule.2090309246.destination_address_prefixes.#": "0",
                            "security_rule.2090309246.destination_application_security_group_ids.#": "0",
                            "security_rule.2090309246.destination_port_range": "22",
                            "security_rule.2090309246.destination_port_ranges.#": "0",
                            "security_rule.2090309246.direction": "Inbound",
                            "security_rule.2090309246.name": "SSH",
                            "security_rule.2090309246.priority": "1001",
                            "security_rule.2090309246.protocol": "Tcp",
                            "security_rule.2090309246.source_address_prefix": "*",
                            "security_rule.2090309246.source_address_prefixes.#": "0",
                            "security_rule.2090309246.source_application_security_group_ids.#": "0",
                            "security_rule.2090309246.source_port_range": "*",
                            "security_rule.2090309246.source_port_ranges.#": "0",
                            "security_rule.2455716876.access": "Allow",
                            "security_rule.2455716876.description": "",
                            "security_rule.2455716876.destination_address_prefix": "*",
                            "security_rule.2455716876.destination_address_prefixes.#": "0",
                            "security_rule.2455716876.destination_application_security_group_ids.#": "0",
                            "security_rule.2455716876.destination_port_range": "80",
                            "security_rule.2455716876.destination_port_ranges.#": "0",
                            "security_rule.2455716876.direction": "Inbound",
                            "security_rule.2455716876.name": "HTTP",
                            "security_rule.2455716876.priority": "1002",
                            "security_rule.2455716876.protocol": "Tcp",
                            "security_rule.2455716876.source_address_prefix": "*",
                            "security_rule.2455716876.source_address_prefixes.#": "0",
                            "security_rule.2455716876.source_application_security_group_ids.#": "0",
                            "security_rule.2455716876.source_port_range": "*",
                            "security_rule.2455716876.source_port_ranges.#": "0",
                            "security_rule.438019468.access": "Allow",
                            "security_rule.438019468.description": "",
                            "security_rule.438019468.destination_address_prefix": "*",
                            "security_rule.438019468.destination_address_prefixes.#": "0",
                            "security_rule.438019468.destination_application_security_group_ids.#": "0",
                            "security_rule.438019468.destination_port_range": "443",
                            "security_rule.438019468.destination_port_ranges.#": "0",
                            "security_rule.438019468.direction": "Inbound",
                            "security_rule.438019468.name": "HTTPS",
                            "security_rule.438019468.priority": "1003",
                            "security_rule.438019468.protocol": "Tcp",
                            "security_rule.438019468.source_address_prefix": "*",
                            "security_rule.438019468.source_address_prefixes.#": "0",
                            "security_rule.438019468.source_application_security_group_ids.#": "0",
                            "security_rule.438019468.source_port_range": "*",
                            "security_rule.438019468.source_port_ranges.#": "0",
                            "tags.%": "0"
                        },
                        "meta": {},
                        "tainted": false
                    },
                    "deposed": [],
                    "provider": "provider.azurerm"
                },
                "azurerm_public_ip.myFirstIP1": {
                    "type": "azurerm_public_ip",
                    "depends_on": [
                        "azurerm_resource_group.my_resource_group"
                    ],
                    "primary": {
                        "id": "/subscriptions/d16b14ba-bce2-4160-a0e4-9fb07dc070f6/resourceGroups/myRG/providers/Microsoft.Network/publicIPAddresses/testPublicIP1",
                        "attributes": {
                            "allocation_method": "Dynamic",
                            "id": "/subscriptions/d16b14ba-bce2-4160-a0e4-9fb07dc070f6/resourceGroups/myRG/providers/Microsoft.Network/publicIPAddresses/testPublicIP1",
                            "idle_timeout_in_minutes": "4",
                            "ip_address": "",
                            "ip_version": "IPv4",
                            "location": "francecentral",
                            "name": "testPublicIP1",
                            "public_ip_address_allocation": "Dynamic",
                            "resource_group_name": "myRG",
                            "sku": "Basic",
                            "tags.%": "0",
                            "zones.#": "0"
                        },
                        "meta": {},
                        "tainted": false
                    },
                    "deposed": [],
                    "provider": "provider.azurerm"
                },
                "azurerm_public_ip.myFirstIP2": {
                    "type": "azurerm_public_ip",
                    "depends_on": [
                        "azurerm_resource_group.my_resource_group"
                    ],
                    "primary": {
                        "id": "/subscriptions/d16b14ba-bce2-4160-a0e4-9fb07dc070f6/resourceGroups/myRG/providers/Microsoft.Network/publicIPAddresses/testPublicIP2",
                        "attributes": {
                            "allocation_method": "Dynamic",
                            "id": "/subscriptions/d16b14ba-bce2-4160-a0e4-9fb07dc070f6/resourceGroups/myRG/providers/Microsoft.Network/publicIPAddresses/testPublicIP2",
                            "idle_timeout_in_minutes": "4",
                            "ip_address": "",
                            "ip_version": "IPv4",
                            "location": "francecentral",
                            "name": "testPublicIP2",
                            "public_ip_address_allocation": "Dynamic",
                            "resource_group_name": "myRG",
                            "sku": "Basic",
                            "tags.%": "0",
                            "zones.#": "0"
                        },
                        "meta": {},
                        "tainted": false
                    },
                    "deposed": [],
                    "provider": "provider.azurerm"
                },
                "azurerm_resource_group.my_resource_group": {
                    "type": "azurerm_resource_group",
                    "depends_on": [],
                    "primary": {
                        "id": "/subscriptions/d16b14ba-bce2-4160-a0e4-9fb07dc070f6/resourceGroups/myRG",
                        "attributes": {
                            "id": "/subscriptions/d16b14ba-bce2-4160-a0e4-9fb07dc070f6/resourceGroups/myRG",
                            "location": "francecentral",
                            "name": "myRG",
                            "tags.%": "0"
                        },
                        "meta": {},
                        "tainted": false
                    },
                    "deposed": [],
                    "provider": "provider.azurerm"
                },
                "azurerm_subnet.subnet1": {
                    "type": "azurerm_subnet",
                    "depends_on": [
                        "azurerm_resource_group.my_resource_group",
                        "azurerm_virtual_network.AzureVnet"
                    ],
                    "primary": {
                        "id": "/subscriptions/d16b14ba-bce2-4160-a0e4-9fb07dc070f6/resourceGroups/myRG/providers/Microsoft.Network/virtualNetworks/myVnet/subnets/subnet1",
                        "attributes": {
                            "address_prefix": "10.0.1.0/24",
                            "delegation.#": "0",
                            "enforce_private_link_endpoint_network_policies": "false",
                            "enforce_private_link_service_network_policies": "false",
                            "id": "/subscriptions/d16b14ba-bce2-4160-a0e4-9fb07dc070f6/resourceGroups/myRG/providers/Microsoft.Network/virtualNetworks/myVnet/subnets/subnet1",
                            "ip_configurations.#": "0",
                            "name": "subnet1",
                            "network_security_group_id": "",
                            "resource_group_name": "myRG",
                            "route_table_id": "",
                            "service_endpoints.#": "0",
                            "virtual_network_name": "myVnet"
                        },
                        "meta": {},
                        "tainted": false
                    },
                    "deposed": [],
                    "provider": "provider.azurerm"
                },
                "azurerm_subnet.subnet2": {
                    "type": "azurerm_subnet",
                    "depends_on": [
                        "azurerm_resource_group.my_resource_group",
                        "azurerm_virtual_network.AzureVnet"
                    ],
                    "primary": {
                        "id": "/subscriptions/d16b14ba-bce2-4160-a0e4-9fb07dc070f6/resourceGroups/myRG/providers/Microsoft.Network/virtualNetworks/myVnet/subnets/subnet2",
                        "attributes": {
                            "address_prefix": "10.0.2.0/24",
                            "delegation.#": "0",
                            "enforce_private_link_endpoint_network_policies": "false",
                            "enforce_private_link_service_network_policies": "false",
                            "id": "/subscriptions/d16b14ba-bce2-4160-a0e4-9fb07dc070f6/resourceGroups/myRG/providers/Microsoft.Network/virtualNetworks/myVnet/subnets/subnet2",
                            "ip_configurations.#": "0",
                            "name": "subnet2",
                            "network_security_group_id": "",
                            "resource_group_name": "myRG",
                            "route_table_id": "",
                            "service_endpoints.#": "0",
                            "virtual_network_name": "myVnet"
                        },
                        "meta": {},
                        "tainted": false
                    },
                    "deposed": [],
                    "provider": "provider.azurerm"
                },
                "azurerm_virtual_machine.myFirstVM1": {
                    "type": "azurerm_virtual_machine",
                    "depends_on": [
                        "azurerm_network_interface.myFirstNIC1",
                        "azurerm_resource_group.my_resource_group"
                    ],
                    "primary": {
                        "id": "/subscriptions/d16b14ba-bce2-4160-a0e4-9fb07dc070f6/resourceGroups/myRG/providers/Microsoft.Compute/virtualMachines/testVM1",
                        "attributes": {
                            "additional_capabilities.#": "0",
                            "delete_data_disks_on_termination": "false",
                            "delete_os_disk_on_termination": "false",
                            "id": "/subscriptions/d16b14ba-bce2-4160-a0e4-9fb07dc070f6/resourceGroups/myRG/providers/Microsoft.Compute/virtualMachines/testVM1",
                            "identity.#": "0",
                            "location": "francecentral",
                            "name": "testVM1",
                            "network_interface_ids.#": "1",
                            "network_interface_ids.0": "/subscriptions/d16b14ba-bce2-4160-a0e4-9fb07dc070f6/resourceGroups/myRG/providers/Microsoft.Network/networkInterfaces/testNIC1",
                            "os_profile.#": "1",
                            "os_profile.403105732.admin_password": "",
                            "os_profile.403105732.admin_username": "Mounabal1",
                            "os_profile.403105732.computer_name": "MounaVM1",
                            "os_profile.403105732.custom_data": "",
                            "os_profile_linux_config.#": "1",
                            "os_profile_linux_config.69840937.disable_password_authentication": "true",
                            "os_profile_linux_config.69840937.ssh_keys.#": "1",
                            "os_profile_linux_config.69840937.ssh_keys.0.key_data": "ssh-rsa AAAAB3NzaC1yc2EAAAADAQABAAABAQCogmLNuwR4QXn4nZRurBXHl3X8p7/W8995EDa7L8FREyVg+vMuoMMYLtwX4K4EaJMhtELCU3xylS3FK/ptkoEZoUcMsAASzx+EM+9grH/d/ggeCOQGMBEAsTUrKPrbZ2iSc9IGdDdSgpGJYCkoBqDnJmCF2z3RY21f/b/6/lvnxi7cNh+sMMYIP2BZm0iK++8unZLnX6PJqt2NyBq3bvO5A6QjBfqjkMh5eX34bby7BXVySM+dLFZpdDIEfCjLTJCV2lvxe2vb+7XYSSiMOfCdQD96jZLeEzhflXF005uLtGeHvac4CM+JnTsDA/SDmFRE9daefDiXz7psLo8RNUSB vagrant@localhost.localdomain",
                            "os_profile_linux_config.69840937.ssh_keys.0.path": "/home/Mounabal1/.ssh/authorized_keys",
                            "os_profile_secrets.#": "0",
                            "os_profile_windows_config.#": "0",
                            "plan.#": "0",
                            "resource_group_name": "myRG",
                            "storage_data_disk.#": "0",
                            "storage_image_reference.#": "1",
                            "storage_image_reference.3239344252.id": "",
                            "storage_image_reference.3239344252.offer": "CentOS",
                            "storage_image_reference.3239344252.publisher": "OpenLogic",
                            "storage_image_reference.3239344252.sku": "7.6",
                            "storage_image_reference.3239344252.version": "latest",
                            "storage_os_disk.#": "1",
                            "storage_os_disk.0.caching": "ReadWrite",
                            "storage_os_disk.0.create_option": "FromImage",
                            "storage_os_disk.0.disk_size_gb": "30",
                            "storage_os_disk.0.image_uri": "",
                            "storage_os_disk.0.managed_disk_id": "/subscriptions/d16b14ba-bce2-4160-a0e4-9fb07dc070f6/resourceGroups/MYRG/providers/Microsoft.Compute/disks/myOsDisk1",
                            "storage_os_disk.0.managed_disk_type": "Standard_LRS",
                            "storage_os_disk.0.name": "myOsDisk1",
                            "storage_os_disk.0.os_type": "Linux",
                            "storage_os_disk.0.vhd_uri": "",
                            "storage_os_disk.0.write_accelerator_enabled": "false",
                            "tags.%": "0",
                            "vm_size": "Standard_B1s",
                            "zones.#": "0"
                        },
                        "meta": {},
                        "tainted": false
                    },
                    "deposed": [],
                    "provider": "provider.azurerm"
                },
                "azurerm_virtual_machine.myFirstVM2": {
                    "type": "azurerm_virtual_machine",
                    "depends_on": [
                        "azurerm_network_interface.myFirstNIC2",
                        "azurerm_resource_group.my_resource_group"
                    ],
                    "primary": {
                        "id": "/subscriptions/d16b14ba-bce2-4160-a0e4-9fb07dc070f6/resourceGroups/myRG/providers/Microsoft.Compute/virtualMachines/testVM2",
                        "attributes": {
                            "additional_capabilities.#": "0",
                            "delete_data_disks_on_termination": "false",
                            "delete_os_disk_on_termination": "false",
                            "id": "/subscriptions/d16b14ba-bce2-4160-a0e4-9fb07dc070f6/resourceGroups/myRG/providers/Microsoft.Compute/virtualMachines/testVM2",
                            "identity.#": "0",
                            "location": "francecentral",
                            "name": "testVM2",
                            "network_interface_ids.#": "1",
                            "network_interface_ids.0": "/subscriptions/d16b14ba-bce2-4160-a0e4-9fb07dc070f6/resourceGroups/myRG/providers/Microsoft.Network/networkInterfaces/testNIC2",
                            "os_profile.#": "1",
                            "os_profile.2865353222.admin_password": "",
                            "os_profile.2865353222.admin_username": "Mounabal2",
                            "os_profile.2865353222.computer_name": "MounaVM2",
                            "os_profile.2865353222.custom_data": "",
                            "os_profile_linux_config.#": "1",
                            "os_profile_linux_config.69840937.disable_password_authentication": "true",
                            "os_profile_linux_config.69840937.ssh_keys.#": "1",
                            "os_profile_linux_config.69840937.ssh_keys.0.key_data": "ssh-rsa AAAAB3NzaC1yc2EAAAADAQABAAABAQCogmLNuwR4QXn4nZRurBXHl3X8p7/W8995EDa7L8FREyVg+vMuoMMYLtwX4K4EaJMhtELCU3xylS3FK/ptkoEZoUcMsAASzx+EM+9grH/d/ggeCOQGMBEAsTUrKPrbZ2iSc9IGdDdSgpGJYCkoBqDnJmCF2z3RY21f/b/6/lvnxi7cNh+sMMYIP2BZm0iK++8unZLnX6PJqt2NyBq3bvO5A6QjBfqjkMh5eX34bby7BXVySM+dLFZpdDIEfCjLTJCV2lvxe2vb+7XYSSiMOfCdQD96jZLeEzhflXF005uLtGeHvac4CM+JnTsDA/SDmFRE9daefDiXz7psLo8RNUSB vagrant@localhost.localdomain",
                            "os_profile_linux_config.69840937.ssh_keys.0.path": "/home/Mounabal2/.ssh/authorized_keys",
                            "os_profile_secrets.#": "0",
                            "os_profile_windows_config.#": "0",
                            "plan.#": "0",
                            "resource_group_name": "myRG",
                            "storage_data_disk.#": "0",
                            "storage_image_reference.#": "1",
                            "storage_image_reference.3239344252.id": "",
                            "storage_image_reference.3239344252.offer": "CentOS",
                            "storage_image_reference.3239344252.publisher": "OpenLogic",
                            "storage_image_reference.3239344252.sku": "7.6",
                            "storage_image_reference.3239344252.version": "latest",
                            "storage_os_disk.#": "1",
                            "storage_os_disk.0.caching": "ReadWrite",
                            "storage_os_disk.0.create_option": "FromImage",
                            "storage_os_disk.0.disk_size_gb": "30",
                            "storage_os_disk.0.image_uri": "",
                            "storage_os_disk.0.managed_disk_id": "/subscriptions/d16b14ba-bce2-4160-a0e4-9fb07dc070f6/resourceGroups/MYRG/providers/Microsoft.Compute/disks/myOsDisk2",
                            "storage_os_disk.0.managed_disk_type": "Standard_LRS",
                            "storage_os_disk.0.name": "myOsDisk2",
                            "storage_os_disk.0.os_type": "Linux",
                            "storage_os_disk.0.vhd_uri": "",
                            "storage_os_disk.0.write_accelerator_enabled": "false",
                            "tags.%": "0",
                            "vm_size": "Standard_B1s",
                            "zones.#": "0"
                        },
                        "meta": {},
                        "tainted": false
                    },
                    "deposed": [],
                    "provider": "provider.azurerm"
                },
                "azurerm_virtual_network.AzureVnet": {
                    "type": "azurerm_virtual_network",
                    "depends_on": [
                        "azurerm_resource_group.my_resource_group"
                    ],
                    "primary": {
                        "id": "/subscriptions/d16b14ba-bce2-4160-a0e4-9fb07dc070f6/resourceGroups/myRG/providers/Microsoft.Network/virtualNetworks/myVnet",
                        "attributes": {
                            "address_space.#": "1",
                            "address_space.0": "10.0.0.0/16",
                            "ddos_protection_plan.#": "0",
                            "dns_servers.#": "0",
                            "id": "/subscriptions/d16b14ba-bce2-4160-a0e4-9fb07dc070f6/resourceGroups/myRG/providers/Microsoft.Network/virtualNetworks/myVnet",
                            "location": "francecentral",
                            "name": "myVnet",
                            "resource_group_name": "myRG",
                            "subnet.#": "0",
                            "tags.%": "0"
                        },
                        "meta": {},
                        "tainted": false
                    },
                    "deposed": [],
                    "provider": "provider.azurerm"
                }
            },
            "depends_on": []
        }
    ]
}
